
Microsoft Visual Studio Solution File, Format Version 12.00
# Visual Studio Version 17
VisualStudioVersion = 17.12.35506.116
MinimumVisualStudioVersion = 10.0.40219.1
Project("{FAE04EC0-301F-11D3-BF4B-00C04F79EFBC}") = "Backend", "Backend\Backend.csproj", "{C926AC90-14EC-4C37-B79F-345F68CAB571}"
EndProject
Project("{FAE04EC0-301F-11D3-BF4B-00C04F79EFBC}") = "Cookie.Crumbs", "Cookie.Crumbs\Cookie.Crumbs.csproj", "{FC11CFF2-DE2A-4B6F-91EF-0CBB7954E5F3}"
EndProject
Project("{FAE04EC0-301F-11D3-BF4B-00C04F79EFBC}") = "Cookie.Connections", "Cookie.Connections\Cookie.Connections.csproj", "{DF6FED79-976B-4B94-AA74-F20B81BF5E0C}"
EndProject
Project("{FAE04EC0-301F-11D3-BF4B-00C04F79EFBC}") = "Cookie.MediaLibrary", "Cookie.MediaLibrary\Cookie.MediaLibrary.csproj", "{13A9C8F4-836F-4BF2-AB84-F4FD6C454465}"
EndProject
Project("{FAE04EC0-301F-11D3-BF4B-00C04F79EFBC}") = "Tests", "Tests\Tests.csproj", "{65ABE028-FD76-4D3A-A7A3-30BB53E5D656}"
EndProject
Global
	GlobalSection(SolutionConfigurationPlatforms) = preSolution
		Debug|Any CPU = Debug|Any CPU
		Release|Any CPU = Release|Any CPU
	EndGlobalSection
	GlobalSection(ProjectConfigurationPlatforms) = postSolution
		{C926AC90-14EC-4C37-B79F-345F68CAB571}.Debug|Any CPU.ActiveCfg = Debug|Any CPU
		{C926AC90-14EC-4C37-B79F-345F68CAB571}.Debug|Any CPU.Build.0 = Debug|Any CPU
		{C926AC90-14EC-4C37-B79F-345F68CAB571}.Release|Any CPU.ActiveCfg = Release|Any CPU
		{C926AC90-14EC-4C37-B79F-345F68CAB571}.Release|Any CPU.Build.0 = Release|Any CPU
		{FC11CFF2-DE2A-4B6F-91EF-0CBB7954E5F3}.Debug|Any CPU.ActiveCfg = Debug|Any CPU
		{FC11CFF2-DE2A-4B6F-91EF-0CBB7954E5F3}.Debug|Any CPU.Build.0 = Debug|Any CPU
		{FC11CFF2-DE2A-4B6F-91EF-0CBB7954E5F3}.Release|Any CPU.ActiveCfg = Release|Any CPU
		{FC11CFF2-DE2A-4B6F-91EF-0CBB7954E5F3}.Release|Any CPU.Build.0 = Release|Any CPU
		{DF6FED79-976B-4B94-AA74-F20B81BF5E0C}.Debug|Any CPU.ActiveCfg = Debug|Any CPU
		{DF6FED79-976B-4B94-AA74-F20B81BF5E0C}.Debug|Any CPU.Build.0 = Debug|Any CPU
		{DF6FED79-976B-4B94-AA74-F20B81BF5E0C}.Release|Any CPU.ActiveCfg = Release|Any CPU
		{DF6FED79-976B-4B94-AA74-F20B81BF5E0C}.Release|Any CPU.Build.0 = Release|Any CPU
		{13A9C8F4-836F-4BF2-AB84-F4FD6C454465}.Debug|Any CPU.ActiveCfg = Debug|Any CPU
		{13A9C8F4-836F-4BF2-AB84-F4FD6C454465}.Debug|Any CPU.Build.0 = Debug|Any CPU
		{13A9C8F4-836F-4BF2-AB84-F4FD6C454465}.Release|Any CPU.ActiveCfg = Release|Any CPU
		{13A9C8F4-836F-4BF2-AB84-F4FD6C454465}.Release|Any CPU.Build.0 = Release|Any CPU
		{65ABE028-FD76-4D3A-A7A3-30BB53E5D656}.Debug|Any CPU.ActiveCfg = Debug|Any CPU
		{65ABE028-FD76-4D3A-A7A3-30BB53E5D656}.Debug|Any CPU.Build.0 = Debug|Any CPU
		{65ABE028-FD76-4D3A-A7A3-30BB53E5D656}.Release|Any CPU.ActiveCfg = Release|Any CPU
		{65ABE028-FD76-4D3A-A7A3-30BB53E5D656}.Release|Any CPU.Build.0 = Release|Any CPU
	EndGlobalSection
	GlobalSection(SolutionProperties) = preSolution
		HideSolutionNode = FALSE
	EndGlobalSection
EndGlobal
